Microsoft Visual Studio Solution File, Format Version 12.00
# Visual Studio Version 17
VisualStudioVersion = 17.5.2.0
MinimumVisualStudioVersion = 10.0.40219.1
Project("{2150E333-8FDC-42A3-9474-1A3956D46DE8}") = "containerapps-albumapi-csharp", "containerapps-albumapi-csharp", "{2CBDA185-D66D-FD79-5C9D-5C9971784CD1}"
EndProject
Project("{FAE04EC0-301F-11D3-BF4B-00C04F79EFBC}") = "albumapi_csharp", "containerapps-albumapi-csharp\src\albumapi_csharp.csproj", "{E6A4208B-71A4-B8E6-79DD-D8EA978E6C84}"
EndProject
Global
	GlobalSection(SolutionConfigurationPlatforms) = preSolution
		Debug|Any CPU = Debug|Any CPU
		Release|Any CPU = Release|Any CPU
	EndGlobalSection
	GlobalSection(ProjectConfigurationPlatforms) = postSolution
		{E6A4208B-71A4-B8E6-79DD-D8EA978E6C84}.Debug|Any CPU.ActiveCfg = Debug|Any CPU
		{E6A4208B-71A4-B8E6-79DD-D8EA978E6C84}.Debug|Any CPU.Build.0 = Debug|Any CPU
		{E6A4208B-71A4-B8E6-79DD-D8EA978E6C84}.Release|Any CPU.ActiveCfg = Release|Any CPU
		{E6A4208B-71A4-B8E6-79DD-D8EA978E6C84}.Release|Any CPU.Build.0 = Release|Any CPU
	EndGlobalSection
	GlobalSection(SolutionProperties) = preSolution
		HideSolutionNode = FALSE
	EndGlobalSection
	GlobalSection(ExtensibilityGlobals) = postSolution
		SolutionGuid = {A86DD2C1-536B-414C-B282-4F46D4144371}
	EndGlobalSection
EndGlobal
